{
  "originHash" : "431be408a344ed9c189e9f6fe7377a452a288795472350297ec425c4c594dfc3",
  "pins" : [
    {
      "identity" : "metalpetal",
      "kind" : "remoteSourceControl",
      "location" : "https://github.com/MetalPetal/MetalPetal.git",
      "state" : {
        "revision" : "f9b78897bd4214bb097f352a1bde0a4f4a1e2ddb",
        "version" : "1.25.2"
      }
    }
  ],
  "version" : 3
}
